{
  "name": "bloomberg_currency_helper",
  "version": "1.0.0",
  "lockfileVersion": 3,
  "requires": true,
  "packages": {
    "": {
      "name": "bloomberg_currency_helper",
      "version": "1.0.0",
      "dependencies": {
        "playwright": "^1.44.0",
        "playwright-extra": "^4.3.1"
      }
    },
    "node_modules/debug": {
      "version": "4.4.1",
      "resolved": "https://registry.npmjs.org/debug/-/debug-4.4.1.tgz",
      "integrity": "sha512-KcKCqiftBJcZr++7ykoDIEwSa3XWowTfNPo92BYxjXiyYEVrUQh2aLyhxBCwww+heortUFxEJYcRzosstTEBYQ==",
      "dependencies": {
        "ms": "^2.1.3"
      },
      "engines": {
        "node": ">=6.0"
      },
      "peerDependenciesMeta": {
        "supports-color": {
          "optional": true
        }
      }
    },
    "node_modules/fsevents": {
      "version": "2.3.2",
      "resolved": "https://registry.npmjs.org/fsevents/-/fsevents-2.3.2.tgz",
      "integrity": "sha512-xiqMQR4xAeHTuB9uWm+fFRcIOgKBMiOBP+eXiyT7jsgVCq1bkVygt00oASowB7EdtpOHaaPgKt812P9ab+DDKA==",
      "hasInstallScript": true,
      "optional": true,
      "os": [
        "darwin"
      ],
      "engines": {
        "node": "^8.16.0 || ^10.6.0 || >=11.0.0"
      }
    },
    "node_modules/ms": {
      "version": "2.1.3",
      "resolved": "https://registry.npmjs.org/ms/-/ms-2.1.3.tgz",
      "integrity": "sha512-6FlzubTLZG3J2a/NVCAleEhjzq5oxgHyaCU9yYXvcLsvoVaHJq/s5xXI6/XXP6tz7R9xAOtHnSO/tXtF3WRTlA=="
    },
    "node_modules/playwright": {
      "version": "1.52.0",
      "resolved": "https://registry.npmjs.org/playwright/-/playwright-1.52.0.tgz",
      "integrity": "sha512-JAwMNMBlxJ2oD1kce4KPtMkDeKGHQstdpFPcPH3maElAXon/QZeTvtsfXmTMRyO9TslfoYOXkSsvao2nE1ilTw==",
      "dependencies": {
        "playwright-core": "1.52.0"
      },
      "bin": {
        "playwright": "cli.js"
      },
      "engines": {
        "node": ">=18"
      },
      "optionalDependencies": {
        "fsevents": "2.3.2"
      }
    },
    "node_modules/playwright-core": {
      "version": "1.52.0",
      "resolved": "https://registry.npmjs.org/playwright-core/-/playwright-core-1.52.0.tgz",
      "integrity": "sha512-l2osTgLXSMeuLZOML9qYODUQoPPnUsKsb5/P6LJ2e6uPKXUdPK5WYhN4z03G+YNbWmGDY4YENauNu4ZKczreHg==",
      "bin": {
        "playwright-core": "cli.js"
      },
      "engines": {
        "node": ">=18"
      }
    },
    "node_modules/playwright-extra": {
      "version": "4.3.6",
      "resolved": "https://registry.npmjs.org/playwright-extra/-/playwright-extra-4.3.6.tgz",
      "integrity": "sha512-q2rVtcE8V8K3vPVF1zny4pvwZveHLH8KBuVU2MoE3Jw4OKVoBWsHI9CH9zPydovHHOCDxjGN2Vg+2m644q3ijA==",
      "dependencies": {
        "debug": "^4.3.4"
      },
      "engines": {
        "node": ">=12"
      },
      "peerDependencies": {
        "playwright": "*",
        "playwright-core": "*"
      },
      "peerDependenciesMeta": {
        "playwright": {
          "optional": true
        },
        "playwright-core": {
          "optional": true
        }
      }
    }
  }
}
